
Microsoft Visual Studio Solution File, Format Version 12.00
# Visual Studio Version 17
VisualStudioVersion = 17.0.31903.59
MinimumVisualStudioVersion = 10.0.40219.1
Project("{FAE04EC0-301F-11D3-BF4B-00C04F79EFBC}") = "CSharp10Lambdas", "CSharp10Lambdas\CSharp10Lambdas.csproj", "{C00BB3C5-FFFD-4610-9D45-F6E6CE03E70E}"
EndProject
Global
	GlobalSection(SolutionConfigurationPlatforms) = preSolution
		Debug|Any CPU = Debug|Any CPU
		Release|Any CPU = Release|Any CPU
	EndGlobalSection
	GlobalSection(ProjectConfigurationPlatforms) = postSolution
		{C00BB3C5-FFFD-4610-9D45-F6E6CE03E70E}.Debug|Any CPU.ActiveCfg = Debug|Any CPU
		{C00BB3C5-FFFD-4610-9D45-F6E6CE03E70E}.Debug|Any CPU.Build.0 = Debug|Any CPU
		{C00BB3C5-FFFD-4610-9D45-F6E6CE03E70E}.Release|Any CPU.ActiveCfg = Release|Any CPU
		{C00BB3C5-FFFD-4610-9D45-F6E6CE03E70E}.Release|Any CPU.Build.0 = Release|Any CPU
	EndGlobalSection
	GlobalSection(SolutionProperties) = preSolution
		HideSolutionNode = FALSE
	EndGlobalSection
	GlobalSection(ExtensibilityGlobals) = postSolution
		SolutionGuid = {89B9F7AE-18F2-493B-9081-C5A786D49613}
	EndGlobalSection
EndGlobal
